# THIS IS AN AUTOGENERATED FILE. DO NOT EDIT THIS FILE DIRECTLY.
# yarn lockfile v1


depd@1.1.2:
  version "1.1.2"
  resolved "https://rhitech.pkgs.visualstudio.com/_packaging/rhi-ad/npm/registry/depd/-/depd-1.1.2.tgz#9bcd52e14c097763e749b274c4346ed2e560b5a9"

iron-demo-helpers@PolymerElements/iron-demo-helpers:
  version "0.0.0"
  resolved "https://codeload.github.com/PolymerElements/iron-demo-helpers/tar.gz/9221b3ab4c8e17f473ba5d7df2b7d9a18c4f37e2"

paper-button@PolymerElements/paper-button:
  version "2.0.0"
  resolved "https://codeload.github.com/PolymerElements/paper-button/tar.gz/677c72ae0ecb8af80ed4dc69c0fa362f42cbf20d"

setprototypeof@1.1.0:
  version "1.1.0"
  resolved "https://rhitech.pkgs.visualstudio.com/_packaging/rhi-ad/npm/registry/setprototypeof/-/setprototypeof-1.1.0.tgz#d0bd85536887b6fe7c0d818cb962d9d91c54e656"

statuses@1.4.0:
  version "1.4.0"
  resolved "https://rhitech.pkgs.visualstudio.com/_packaging/rhi-ad/npm/registry/statuses/-/statuses-1.4.0.tgz#bb73d446da2796106efcc1b601a253d6c46bd087"
